
Microsoft Visual Studio Solution File, Format Version 12.00
# Visual Studio Version 17
VisualStudioVersion = 17.9.34728.123
MinimumVisualStudioVersion = 10.0.40219.1
Project("{FAE04EC0-301F-11D3-BF4B-00C04F79EFBC}") = "ControleDAMBezaz", "ControleDAMBezaz\ControleDAMBezaz.csproj", "{2F0E7C15-66BC-4B82-A873-9A089BCD5F65}"
EndProject
Global
	GlobalSection(SolutionConfigurationPlatforms) = preSolution
		Debug|Any CPU = Debug|Any CPU
		Release|Any CPU = Release|Any CPU
	EndGlobalSection
	GlobalSection(ProjectConfigurationPlatforms) = postSolution
		{2F0E7C15-66BC-4B82-A873-9A089BCD5F65}.Debug|Any CPU.ActiveCfg = Debug|Any CPU
		{2F0E7C15-66BC-4B82-A873-9A089BCD5F65}.Debug|Any CPU.Build.0 = Debug|Any CPU
		{2F0E7C15-66BC-4B82-A873-9A089BCD5F65}.Debug|Any CPU.Deploy.0 = Debug|Any CPU
		{2F0E7C15-66BC-4B82-A873-9A089BCD5F65}.Release|Any CPU.ActiveCfg = Release|Any CPU
		{2F0E7C15-66BC-4B82-A873-9A089BCD5F65}.Release|Any CPU.Build.0 = Release|Any CPU
		{2F0E7C15-66BC-4B82-A873-9A089BCD5F65}.Release|Any CPU.Deploy.0 = Release|Any CPU
	EndGlobalSection
	GlobalSection(SolutionProperties) = preSolution
		HideSolutionNode = FALSE
	EndGlobalSection
	GlobalSection(ExtensibilityGlobals) = postSolution
		SolutionGuid = {0C768AC0-45DD-45C4-AF17-12BBCE2C59B9}
	EndGlobalSection
EndGlobal
